# THIS IS AN AUTOGENERATED FILE. DO NOT EDIT THIS FILE DIRECTLY.
# yarn lockfile v1


flushwritable@^1.0.0:
  version "1.0.0"
  resolved "https://registry.yarnpkg.com/flushwritable/-/flushwritable-1.0.0.tgz#3e328d8fde412ad47e738e3be750b4d290043498"
  integrity sha1-PjKNj95BKtR+c44751C00pAENJg=

gridfs-stream@^1.1.1:
  version "1.1.1"
  resolved "https://registry.yarnpkg.com/gridfs-stream/-/gridfs-stream-1.1.1.tgz#3dd3a100ec2021a181282f6eb46709636074df89"
  integrity sha1-PdOhAOwgIaGBKC9utGcJY2B034k=
  dependencies:
    flushwritable "^1.0.0"

material-design-icons@^3.0.1:
  version "3.0.1"
  resolved "https://registry.yarnpkg.com/material-design-icons/-/material-design-icons-3.0.1.tgz#9a71c48747218ebca51e51a66da682038cdcb7bf"
  integrity sha1-mnHEh0chjrylHlGmbaaCA4zct78=
